# THIS IS AN AUTOGENERATED FILE. DO NOT EDIT THIS FILE DIRECTLY.
# yarn lockfile v1


three-orbit-controls@^82.1.0:
  version "82.1.0"
  resolved "https://registry.yarnpkg.com/three-orbit-controls/-/three-orbit-controls-82.1.0.tgz#11a7f33d0a20ecec98f098b37780f6537374fab4"
  integrity sha1-EafzPQog7OyY8Jizd4D2U3N0+rQ=

three@^0.138.3:
  version "0.138.3"
  resolved "https://registry.yarnpkg.com/three/-/three-0.138.3.tgz#7be5153d79dcbf9e9baad82e7faf8c29edda4ed0"
  integrity sha512-4t1cKC8gimNyJChJbaklg8W/qj3PpsLJUIFm5LIuAy/hVxxNm1ru2FGTSfbTSsuHmC/7ipsyuGKqrSAKLNtkzg==
